
Microsoft Visual Studio Solution File, Format Version 12.00
# Visual Studio Version 17
VisualStudioVersion = 17.3.32811.315
MinimumVisualStudioVersion = 10.0.40219.1
Project("{2150E333-8FDC-42A3-9474-1A3956D46DE8}") = "Tema 1", "Tema 1", "{EC89696B-8BEF-4A35-8ADB-8AA75B8B5705}"
EndProject
Project("{2150E333-8FDC-42A3-9474-1A3956D46DE8}") = "Tema 2", "Tema 2", "{5203B6D4-EE8E-4AAF-95AE-B9436DB0A51D}"
EndProject
Project("{9A19103F-16F7-4668-BE54-9A1E7A4F7556}") = "Ejercicio_I01", "Introduccion a .NET y C#\Ejercicio_I01\Ejercicio_I01.csproj", "{30043101-2A1F-43BD-AF8E-6B23620B763B}"
EndProject
Project("{9A19103F-16F7-4668-BE54-9A1E7A4F7556}") = "Ejercicio_I02", "Introduccion a .NET y C#\Ejercicio_I02\Ejercicio_I02.csproj", "{05B9EF7F-5774-4819-A2E1-6C7D17A720FD}"
EndProject
Project("{9A19103F-16F7-4668-BE54-9A1E7A4F7556}") = "Ejercicio_I03", "Introduccion a .NET y C#\Ejercicio_I03\Ejercicio_I03.csproj", "{A8D4D9C7-39EF-4A6B-937D-7F37D9EB0D94}"
EndProject
Project("{9A19103F-16F7-4668-BE54-9A1E7A4F7556}") = "Ejercicio_I04", "Introduccion a .NET y C#\Ejercicio_I04\Ejercicio_I04.csproj", "{AA3237A4-1BC9-4358-89A1-90C93AD7A9C1}"
EndProject
Project("{9A19103F-16F7-4668-BE54-9A1E7A4F7556}") = "Ejercicio_I05", "Introduccion a .NET y C#\Ejercicio_I05\Ejercicio_I05.csproj", "{536EBF56-89ED-43BF-824C-9FBD6C09305A}"
EndProject
Project("{9A19103F-16F7-4668-BE54-9A1E7A4F7556}") = "Ejercicio_I06", "Introduccion a .NET y C#\Ejercicio_I06\Ejercicio_I06.csproj", "{B645676E-24F0-450C-824F-99098CC72EB9}"
EndProject
Project("{9A19103F-16F7-4668-BE54-9A1E7A4F7556}") = "Ejercicio_I07", "Introduccion a .NET y C#\Ejercicio_I07\Ejercicio_I07.csproj", "{940230C7-F2BA-4770-A3A3-AE68E437F3C6}"
EndProject
Project("{9A19103F-16F7-4668-BE54-9A1E7A4F7556}") = "Ejercicio_I08", "Introduccion a .NET y C#\Ejercicio_I08\Ejercicio_I08.csproj", "{5B71579D-7076-4E1F-8A30-15B0B26AC789}"
EndProject
Project("{9A19103F-16F7-4668-BE54-9A1E7A4F7556}") = "Ejercicio_I09", "Introduccion a .NET y C#\Ejercicio_I09\Ejercicio_I09.csproj", "{B4A8D150-CE6B-4C9E-85BE-B4D8C029A957}"
EndProject
Project("{9A19103F-16F7-4668-BE54-9A1E7A4F7556}") = "Ejercicio_I01", "Clases y metodos estaticos\Ejercicio_I01\Ejercicio_I01.csproj", "{49C0EC5D-7ED9-4831-9BD4-8F5DA50A97A9}"
EndProject
Project("{9A19103F-16F7-4668-BE54-9A1E7A4F7556}") = "Ejercicio_I02", "Clases y metodos estaticos\Ejercicio_I02\Ejercicio_I02.csproj", "{238F84F0-6850-40D5-8FCD-497555F9F720}"
EndProject
Project("{9A19103F-16F7-4668-BE54-9A1E7A4F7556}") = "Ejercicio_I03", "Clases y metodos estaticos\Ejercicio_I03\Ejercicio_I03.csproj", "{0B75F713-99FE-471D-ACC2-68A4541D5F18}"
EndProject
Project("{9A19103F-16F7-4668-BE54-9A1E7A4F7556}") = "Ejercicio_I04", "Clases y metodos estaticos\Ejercicio_I04\Ejercicio_I04.csproj", "{63142AA0-0399-4050-BE32-E6AD6D1753F3}"
EndProject
Project("{9A19103F-16F7-4668-BE54-9A1E7A4F7556}") = "Ejercicio_I05", "Clases y metodos estaticos\Ejercicio_I05\Ejercicio_I05.csproj", "{19FAA4ED-006E-4CAF-AB59-0D931C424FE7}"
EndProject
Project("{9A19103F-16F7-4668-BE54-9A1E7A4F7556}") = "Ejercicio_I06", "Clases y metodos estaticos\Ejercicio_I06\Ejercicio_I06.csproj", "{E79BB149-E1D7-4477-9E7A-4C74572C7DF6}"
EndProject
Project("{9A19103F-16F7-4668-BE54-9A1E7A4F7556}") = "Ejercicio_I07", "Clases y metodos estaticos\Ejercicio_I07\Ejercicio_I07.csproj", "{B52F70B7-32A3-4CDF-AE3C-3829DEE5EA57}"
EndProject
Project("{9A19103F-16F7-4668-BE54-9A1E7A4F7556}") = "Ejercicio_I08", "Clases y metodos estaticos\Ejercicio_I08\Ejercicio_I08.csproj", "{7DBAE019-15C8-450D-A696-39CDAFDCA07F}"
EndProject
Project("{9A19103F-16F7-4668-BE54-9A1E7A4F7556}") = "Ejercicio_A01", "Clases y metodos estaticos\Ejercicio_A01\Ejercicio_A01.csproj", "{5043D48E-9876-4954-88B4-E9429143DFB4}"
EndProject
Project("{2150E333-8FDC-42A3-9474-1A3956D46DE8}") = "Tema 3", "Tema 3", "{8CDE35D7-A785-4215-87B3-00FBF70AA7C0}"
EndProject
Global
	GlobalSection(SolutionConfigurationPlatforms) = preSolution
		Debug|Any CPU = Debug|Any CPU
		Release|Any CPU = Release|Any CPU
	EndGlobalSection
	GlobalSection(ProjectConfigurationPlatforms) = postSolution
		{30043101-2A1F-43BD-AF8E-6B23620B763B}.Debug|Any CPU.ActiveCfg = Debug|Any CPU
		{30043101-2A1F-43BD-AF8E-6B23620B763B}.Debug|Any CPU.Build.0 = Debug|Any CPU
		{30043101-2A1F-43BD-AF8E-6B23620B763B}.Release|Any CPU.ActiveCfg = Release|Any CPU
		{30043101-2A1F-43BD-AF8E-6B23620B763B}.Release|Any CPU.Build.0 = Release|Any CPU
		{05B9EF7F-5774-4819-A2E1-6C7D17A720FD}.Debug|Any CPU.ActiveCfg = Debug|Any CPU
		{05B9EF7F-5774-4819-A2E1-6C7D17A720FD}.Debug|Any CPU.Build.0 = Debug|Any CPU
		{05B9EF7F-5774-4819-A2E1-6C7D17A720FD}.Release|Any CPU.ActiveCfg = Release|Any CPU
		{05B9EF7F-5774-4819-A2E1-6C7D17A720FD}.Release|Any CPU.Build.0 = Release|Any CPU
		{A8D4D9C7-39EF-4A6B-937D-7F37D9EB0D94}.Debug|Any CPU.ActiveCfg = Debug|Any CPU
		{A8D4D9C7-39EF-4A6B-937D-7F37D9EB0D94}.Debug|Any CPU.Build.0 = Debug|Any CPU
		{A8D4D9C7-39EF-4A6B-937D-7F37D9EB0D94}.Release|Any CPU.ActiveCfg = Release|Any CPU
		{A8D4D9C7-39EF-4A6B-937D-7F37D9EB0D94}.Release|Any CPU.Build.0 = Release|Any CPU
		{AA3237A4-1BC9-4358-89A1-90C93AD7A9C1}.Debug|Any CPU.ActiveCfg = Debug|Any CPU
		{AA3237A4-1BC9-4358-89A1-90C93AD7A9C1}.Debug|Any CPU.Build.0 = Debug|Any CPU
		{AA3237A4-1BC9-4358-89A1-90C93AD7A9C1}.Release|Any CPU.ActiveCfg = Release|Any CPU
		{AA3237A4-1BC9-4358-89A1-90C93AD7A9C1}.Release|Any CPU.Build.0 = Release|Any CPU
		{536EBF56-89ED-43BF-824C-9FBD6C09305A}.Debug|Any CPU.ActiveCfg = Debug|Any CPU
		{536EBF56-89ED-43BF-824C-9FBD6C09305A}.Debug|Any CPU.Build.0 = Debug|Any CPU
		{536EBF56-89ED-43BF-824C-9FBD6C09305A}.Release|Any CPU.ActiveCfg = Release|Any CPU
		{536EBF56-89ED-43BF-824C-9FBD6C09305A}.Release|Any CPU.Build.0 = Release|Any CPU
		{B645676E-24F0-450C-824F-99098CC72EB9}.Debug|Any CPU.ActiveCfg = Debug|Any CPU
		{B645676E-24F0-450C-824F-99098CC72EB9}.Debug|Any CPU.Build.0 = Debug|Any CPU
		{B645676E-24F0-450C-824F-99098CC72EB9}.Release|Any CPU.ActiveCfg = Release|Any CPU
		{B645676E-24F0-450C-824F-99098CC72EB9}.Release|Any CPU.Build.0 = Release|Any CPU
		{940230C7-F2BA-4770-A3A3-AE68E437F3C6}.Debug|Any CPU.ActiveCfg = Debug|Any CPU
		{940230C7-F2BA-4770-A3A3-AE68E437F3C6}.Debug|Any CPU.Build.0 = Debug|Any CPU
		{940230C7-F2BA-4770-A3A3-AE68E437F3C6}.Release|Any CPU.ActiveCfg = Release|Any CPU
		{940230C7-F2BA-4770-A3A3-AE68E437F3C6}.Release|Any CPU.Build.0 = Release|Any CPU
		{5B71579D-7076-4E1F-8A30-15B0B26AC789}.Debug|Any CPU.ActiveCfg = Debug|Any CPU
		{5B71579D-7076-4E1F-8A30-15B0B26AC789}.Debug|Any CPU.Build.0 = Debug|Any CPU
		{5B71579D-7076-4E1F-8A30-15B0B26AC789}.Release|Any CPU.ActiveCfg = Release|Any CPU
		{5B71579D-7076-4E1F-8A30-15B0B26AC789}.Release|Any CPU.Build.0 = Release|Any CPU
		{B4A8D150-CE6B-4C9E-85BE-B4D8C029A957}.Debug|Any CPU.ActiveCfg = Debug|Any CPU
		{B4A8D150-CE6B-4C9E-85BE-B4D8C029A957}.Debug|Any CPU.Build.0 = Debug|Any CPU
		{B4A8D150-CE6B-4C9E-85BE-B4D8C029A957}.Release|Any CPU.ActiveCfg = Release|Any CPU
		{B4A8D150-CE6B-4C9E-85BE-B4D8C029A957}.Release|Any CPU.Build.0 = Release|Any CPU
		{49C0EC5D-7ED9-4831-9BD4-8F5DA50A97A9}.Debug|Any CPU.ActiveCfg = Debug|Any CPU
		{49C0EC5D-7ED9-4831-9BD4-8F5DA50A97A9}.Debug|Any CPU.Build.0 = Debug|Any CPU
		{49C0EC5D-7ED9-4831-9BD4-8F5DA50A97A9}.Release|Any CPU.ActiveCfg = Release|Any CPU
		{49C0EC5D-7ED9-4831-9BD4-8F5DA50A97A9}.Release|Any CPU.Build.0 = Release|Any CPU
		{238F84F0-6850-40D5-8FCD-497555F9F720}.Debug|Any CPU.ActiveCfg = Debug|Any CPU
		{238F84F0-6850-40D5-8FCD-497555F9F720}.Debug|Any CPU.Build.0 = Debug|Any CPU
		{238F84F0-6850-40D5-8FCD-497555F9F720}.Release|Any CPU.ActiveCfg = Release|Any CPU
		{238F84F0-6850-40D5-8FCD-497555F9F720}.Release|Any CPU.Build.0 = Release|Any CPU
		{0B75F713-99FE-471D-ACC2-68A4541D5F18}.Debug|Any CPU.ActiveCfg = Debug|Any CPU
		{0B75F713-99FE-471D-ACC2-68A4541D5F18}.Debug|Any CPU.Build.0 = Debug|Any CPU
		{0B75F713-99FE-471D-ACC2-68A4541D5F18}.Release|Any CPU.ActiveCfg = Release|Any CPU
		{0B75F713-99FE-471D-ACC2-68A4541D5F18}.Release|Any CPU.Build.0 = Release|Any CPU
		{63142AA0-0399-4050-BE32-E6AD6D1753F3}.Debug|Any CPU.ActiveCfg = Debug|Any CPU
		{63142AA0-0399-4050-BE32-E6AD6D1753F3}.Debug|Any CPU.Build.0 = Debug|Any CPU
		{63142AA0-0399-4050-BE32-E6AD6D1753F3}.Release|Any CPU.ActiveCfg = Release|Any CPU
		{63142AA0-0399-4050-BE32-E6AD6D1753F3}.Release|Any CPU.Build.0 = Release|Any CPU
		{19FAA4ED-006E-4CAF-AB59-0D931C424FE7}.Debug|Any CPU.ActiveCfg = Debug|Any CPU
		{19FAA4ED-006E-4CAF-AB59-0D931C424FE7}.Debug|Any CPU.Build.0 = Debug|Any CPU
		{19FAA4ED-006E-4CAF-AB59-0D931C424FE7}.Release|Any CPU.ActiveCfg = Release|Any CPU
		{19FAA4ED-006E-4CAF-AB59-0D931C424FE7}.Release|Any CPU.Build.0 = Release|Any CPU
		{E79BB149-E1D7-4477-9E7A-4C74572C7DF6}.Debug|Any CPU.ActiveCfg = Debug|Any CPU
		{E79BB149-E1D7-4477-9E7A-4C74572C7DF6}.Debug|Any CPU.Build.0 = Debug|Any CPU
		{E79BB149-E1D7-4477-9E7A-4C74572C7DF6}.Release|Any CPU.ActiveCfg = Release|Any CPU
		{E79BB149-E1D7-4477-9E7A-4C74572C7DF6}.Release|Any CPU.Build.0 = Release|Any CPU
		{B52F70B7-32A3-4CDF-AE3C-3829DEE5EA57}.Debug|Any CPU.ActiveCfg = Debug|Any CPU
		{B52F70B7-32A3-4CDF-AE3C-3829DEE5EA57}.Debug|Any CPU.Build.0 = Debug|Any CPU
		{B52F70B7-32A3-4CDF-AE3C-3829DEE5EA57}.Release|Any CPU.ActiveCfg = Release|Any CPU
		{B52F70B7-32A3-4CDF-AE3C-3829DEE5EA57}.Release|Any CPU.Build.0 = Release|Any CPU
		{7DBAE019-15C8-450D-A696-39CDAFDCA07F}.Debug|Any CPU.ActiveCfg = Debug|Any CPU
		{7DBAE019-15C8-450D-A696-39CDAFDCA07F}.Debug|Any CPU.Build.0 = Debug|Any CPU
		{7DBAE019-15C8-450D-A696-39CDAFDCA07F}.Release|Any CPU.ActiveCfg = Release|Any CPU
		{7DBAE019-15C8-450D-A696-39CDAFDCA07F}.Release|Any CPU.Build.0 = Release|Any CPU
		{5043D48E-9876-4954-88B4-E9429143DFB4}.Debug|Any CPU.ActiveCfg = Debug|Any CPU
		{5043D48E-9876-4954-88B4-E9429143DFB4}.Debug|Any CPU.Build.0 = Debug|Any CPU
		{5043D48E-9876-4954-88B4-E9429143DFB4}.Release|Any CPU.ActiveCfg = Release|Any CPU
		{5043D48E-9876-4954-88B4-E9429143DFB4}.Release|Any CPU.Build.0 = Release|Any CPU
	EndGlobalSection
	GlobalSection(SolutionProperties) = preSolution
		HideSolutionNode = FALSE
	EndGlobalSection
	GlobalSection(NestedProjects) = preSolution
		{30043101-2A1F-43BD-AF8E-6B23620B763B} = {EC89696B-8BEF-4A35-8ADB-8AA75B8B5705}
		{05B9EF7F-5774-4819-A2E1-6C7D17A720FD} = {EC89696B-8BEF-4A35-8ADB-8AA75B8B5705}
		{A8D4D9C7-39EF-4A6B-937D-7F37D9EB0D94} = {EC89696B-8BEF-4A35-8ADB-8AA75B8B5705}
		{AA3237A4-1BC9-4358-89A1-90C93AD7A9C1} = {EC89696B-8BEF-4A35-8ADB-8AA75B8B5705}
		{536EBF56-89ED-43BF-824C-9FBD6C09305A} = {EC89696B-8BEF-4A35-8ADB-8AA75B8B5705}
		{B645676E-24F0-450C-824F-99098CC72EB9} = {EC89696B-8BEF-4A35-8ADB-8AA75B8B5705}
		{940230C7-F2BA-4770-A3A3-AE68E437F3C6} = {EC89696B-8BEF-4A35-8ADB-8AA75B8B5705}
		{5B71579D-7076-4E1F-8A30-15B0B26AC789} = {EC89696B-8BEF-4A35-8ADB-8AA75B8B5705}
		{B4A8D150-CE6B-4C9E-85BE-B4D8C029A957} = {EC89696B-8BEF-4A35-8ADB-8AA75B8B5705}
		{49C0EC5D-7ED9-4831-9BD4-8F5DA50A97A9} = {5203B6D4-EE8E-4AAF-95AE-B9436DB0A51D}
		{238F84F0-6850-40D5-8FCD-497555F9F720} = {5203B6D4-EE8E-4AAF-95AE-B9436DB0A51D}
		{0B75F713-99FE-471D-ACC2-68A4541D5F18} = {5203B6D4-EE8E-4AAF-95AE-B9436DB0A51D}
		{63142AA0-0399-4050-BE32-E6AD6D1753F3} = {5203B6D4-EE8E-4AAF-95AE-B9436DB0A51D}
		{19FAA4ED-006E-4CAF-AB59-0D931C424FE7} = {5203B6D4-EE8E-4AAF-95AE-B9436DB0A51D}
		{E79BB149-E1D7-4477-9E7A-4C74572C7DF6} = {5203B6D4-EE8E-4AAF-95AE-B9436DB0A51D}
		{B52F70B7-32A3-4CDF-AE3C-3829DEE5EA57} = {5203B6D4-EE8E-4AAF-95AE-B9436DB0A51D}
		{7DBAE019-15C8-450D-A696-39CDAFDCA07F} = {5203B6D4-EE8E-4AAF-95AE-B9436DB0A51D}
		{5043D48E-9876-4954-88B4-E9429143DFB4} = {5203B6D4-EE8E-4AAF-95AE-B9436DB0A51D}
	EndGlobalSection
	GlobalSection(ExtensibilityGlobals) = postSolution
		SolutionGuid = {FFA1EA83-E905-4D09-9157-E5F47C0BEE70}
	EndGlobalSection
EndGlobal
