
Microsoft Visual Studio Solution File, Format Version 12.00
# Visual Studio Version 17
VisualStudioVersion = 17.3.32811.315
MinimumVisualStudioVersion = 10.0.40219.1
Project("{9A19103F-16F7-4668-BE54-9A1E7A4F7556}") = "Ejercicio_01", "Ejercicio_01\Ejercicio_01.csproj", "{6B1C25EC-87A0-4F65-B720-30AB8230A19C}"
EndProject
Project("{2150E333-8FDC-42A3-9474-1A3956D46DE8}") = "Clase 1", "Clase 1", "{EC89696B-8BEF-4A35-8ADB-8AA75B8B5705}"
EndProject
Project("{9A19103F-16F7-4668-BE54-9A1E7A4F7556}") = "Ejercicio_02", "Ejercicio_02\Ejercicio_02.csproj", "{E2F0592C-541F-46BB-9738-9A2A81B9A32D}"
EndProject
Project("{9A19103F-16F7-4668-BE54-9A1E7A4F7556}") = "Ejercicio_03", "Ejercicio_03\Ejercicio_03.csproj", "{8113E849-F7FE-4707-9FCB-573AC8189FB7}"
EndProject
Project("{FAE04EC0-301F-11D3-BF4B-00C04F79EFBC}") = "Ejercicio_04", "Ejercicio_04\Ejercicio_04.csproj", "{53048612-6D42-45C3-9C44-75BDDA0D961C}"
EndProject
Project("{FAE04EC0-301F-11D3-BF4B-00C04F79EFBC}") = "Ejercicio_05", "Ejercicio_05\Ejercicio_05.csproj", "{01CCC191-815C-4E89-B913-CDE24642016E}"
EndProject
Project("{FAE04EC0-301F-11D3-BF4B-00C04F79EFBC}") = "Ejercicio_06", "Ejercicio_06\Ejercicio_06.csproj", "{C860F522-4C9F-4E7D-864A-BDB1D8307807}"
EndProject
Project("{FAE04EC0-301F-11D3-BF4B-00C04F79EFBC}") = "Ejercicio_07", "Ejercicio_07\Ejercicio_07.csproj", "{1A3AD48E-0A1B-46A6-A931-6B2B4444C063}"
EndProject
Project("{FAE04EC0-301F-11D3-BF4B-00C04F79EFBC}") = "Ejercicio_08", "Ejercicio_08\Ejercicio_08.csproj", "{9A847054-0F73-4485-8F5E-975D4282A21B}"
EndProject
Project("{FAE04EC0-301F-11D3-BF4B-00C04F79EFBC}") = "Ejercicio_09", "Ejercicio_09\Ejercicio_09.csproj", "{2C8D0D1E-E8E1-44C7-9169-7D21BD450E8D}"
EndProject
Project("{2150E333-8FDC-42A3-9474-1A3956D46DE8}") = "Clase 2", "Clase 2", "{5203B6D4-EE8E-4AAF-95AE-B9436DB0A51D}"
EndProject
Project("{FAE04EC0-301F-11D3-BF4B-00C04F79EFBC}") = "T2_Ejercicio_01", "T2_Ejercicio_01\T2_Ejercicio_01.csproj", "{E3706DC1-7E33-4D61-B16F-6B7E482C6376}"
EndProject
Global
	GlobalSection(SolutionConfigurationPlatforms) = preSolution
		Debug|Any CPU = Debug|Any CPU
		Release|Any CPU = Release|Any CPU
	EndGlobalSection
	GlobalSection(ProjectConfigurationPlatforms) = postSolution
		{6B1C25EC-87A0-4F65-B720-30AB8230A19C}.Debug|Any CPU.ActiveCfg = Debug|Any CPU
		{6B1C25EC-87A0-4F65-B720-30AB8230A19C}.Debug|Any CPU.Build.0 = Debug|Any CPU
		{6B1C25EC-87A0-4F65-B720-30AB8230A19C}.Release|Any CPU.ActiveCfg = Release|Any CPU
		{6B1C25EC-87A0-4F65-B720-30AB8230A19C}.Release|Any CPU.Build.0 = Release|Any CPU
		{E2F0592C-541F-46BB-9738-9A2A81B9A32D}.Debug|Any CPU.ActiveCfg = Debug|Any CPU
		{E2F0592C-541F-46BB-9738-9A2A81B9A32D}.Debug|Any CPU.Build.0 = Debug|Any CPU
		{E2F0592C-541F-46BB-9738-9A2A81B9A32D}.Release|Any CPU.ActiveCfg = Release|Any CPU
		{E2F0592C-541F-46BB-9738-9A2A81B9A32D}.Release|Any CPU.Build.0 = Release|Any CPU
		{8113E849-F7FE-4707-9FCB-573AC8189FB7}.Debug|Any CPU.ActiveCfg = Debug|Any CPU
		{8113E849-F7FE-4707-9FCB-573AC8189FB7}.Debug|Any CPU.Build.0 = Debug|Any CPU
		{8113E849-F7FE-4707-9FCB-573AC8189FB7}.Release|Any CPU.ActiveCfg = Release|Any CPU
		{8113E849-F7FE-4707-9FCB-573AC8189FB7}.Release|Any CPU.Build.0 = Release|Any CPU
		{53048612-6D42-45C3-9C44-75BDDA0D961C}.Debug|Any CPU.ActiveCfg = Debug|Any CPU
		{53048612-6D42-45C3-9C44-75BDDA0D961C}.Debug|Any CPU.Build.0 = Debug|Any CPU
		{53048612-6D42-45C3-9C44-75BDDA0D961C}.Release|Any CPU.ActiveCfg = Release|Any CPU
		{53048612-6D42-45C3-9C44-75BDDA0D961C}.Release|Any CPU.Build.0 = Release|Any CPU
		{01CCC191-815C-4E89-B913-CDE24642016E}.Debug|Any CPU.ActiveCfg = Debug|Any CPU
		{01CCC191-815C-4E89-B913-CDE24642016E}.Debug|Any CPU.Build.0 = Debug|Any CPU
		{01CCC191-815C-4E89-B913-CDE24642016E}.Release|Any CPU.ActiveCfg = Release|Any CPU
		{01CCC191-815C-4E89-B913-CDE24642016E}.Release|Any CPU.Build.0 = Release|Any CPU
		{C860F522-4C9F-4E7D-864A-BDB1D8307807}.Debug|Any CPU.ActiveCfg = Debug|Any CPU
		{C860F522-4C9F-4E7D-864A-BDB1D8307807}.Debug|Any CPU.Build.0 = Debug|Any CPU
		{C860F522-4C9F-4E7D-864A-BDB1D8307807}.Release|Any CPU.ActiveCfg = Release|Any CPU
		{C860F522-4C9F-4E7D-864A-BDB1D8307807}.Release|Any CPU.Build.0 = Release|Any CPU
		{1A3AD48E-0A1B-46A6-A931-6B2B4444C063}.Debug|Any CPU.ActiveCfg = Debug|Any CPU
		{1A3AD48E-0A1B-46A6-A931-6B2B4444C063}.Debug|Any CPU.Build.0 = Debug|Any CPU
		{1A3AD48E-0A1B-46A6-A931-6B2B4444C063}.Release|Any CPU.ActiveCfg = Release|Any CPU
		{1A3AD48E-0A1B-46A6-A931-6B2B4444C063}.Release|Any CPU.Build.0 = Release|Any CPU
		{9A847054-0F73-4485-8F5E-975D4282A21B}.Debug|Any CPU.ActiveCfg = Debug|Any CPU
		{9A847054-0F73-4485-8F5E-975D4282A21B}.Debug|Any CPU.Build.0 = Debug|Any CPU
		{9A847054-0F73-4485-8F5E-975D4282A21B}.Release|Any CPU.ActiveCfg = Release|Any CPU
		{9A847054-0F73-4485-8F5E-975D4282A21B}.Release|Any CPU.Build.0 = Release|Any CPU
		{2C8D0D1E-E8E1-44C7-9169-7D21BD450E8D}.Debug|Any CPU.ActiveCfg = Debug|Any CPU
		{2C8D0D1E-E8E1-44C7-9169-7D21BD450E8D}.Debug|Any CPU.Build.0 = Debug|Any CPU
		{2C8D0D1E-E8E1-44C7-9169-7D21BD450E8D}.Release|Any CPU.ActiveCfg = Release|Any CPU
		{2C8D0D1E-E8E1-44C7-9169-7D21BD450E8D}.Release|Any CPU.Build.0 = Release|Any CPU
		{E3706DC1-7E33-4D61-B16F-6B7E482C6376}.Debug|Any CPU.ActiveCfg = Debug|Any CPU
		{E3706DC1-7E33-4D61-B16F-6B7E482C6376}.Debug|Any CPU.Build.0 = Debug|Any CPU
		{E3706DC1-7E33-4D61-B16F-6B7E482C6376}.Release|Any CPU.ActiveCfg = Release|Any CPU
		{E3706DC1-7E33-4D61-B16F-6B7E482C6376}.Release|Any CPU.Build.0 = Release|Any CPU
	EndGlobalSection
	GlobalSection(SolutionProperties) = preSolution
		HideSolutionNode = FALSE
	EndGlobalSection
	GlobalSection(NestedProjects) = preSolution
		{6B1C25EC-87A0-4F65-B720-30AB8230A19C} = {EC89696B-8BEF-4A35-8ADB-8AA75B8B5705}
		{E2F0592C-541F-46BB-9738-9A2A81B9A32D} = {EC89696B-8BEF-4A35-8ADB-8AA75B8B5705}
		{8113E849-F7FE-4707-9FCB-573AC8189FB7} = {EC89696B-8BEF-4A35-8ADB-8AA75B8B5705}
		{53048612-6D42-45C3-9C44-75BDDA0D961C} = {EC89696B-8BEF-4A35-8ADB-8AA75B8B5705}
		{01CCC191-815C-4E89-B913-CDE24642016E} = {EC89696B-8BEF-4A35-8ADB-8AA75B8B5705}
		{C860F522-4C9F-4E7D-864A-BDB1D8307807} = {EC89696B-8BEF-4A35-8ADB-8AA75B8B5705}
		{1A3AD48E-0A1B-46A6-A931-6B2B4444C063} = {EC89696B-8BEF-4A35-8ADB-8AA75B8B5705}
		{9A847054-0F73-4485-8F5E-975D4282A21B} = {EC89696B-8BEF-4A35-8ADB-8AA75B8B5705}
		{2C8D0D1E-E8E1-44C7-9169-7D21BD450E8D} = {EC89696B-8BEF-4A35-8ADB-8AA75B8B5705}
		{E3706DC1-7E33-4D61-B16F-6B7E482C6376} = {5203B6D4-EE8E-4AAF-95AE-B9436DB0A51D}
	EndGlobalSection
	GlobalSection(ExtensibilityGlobals) = postSolution
		SolutionGuid = {FFA1EA83-E905-4D09-9157-E5F47C0BEE70}
	EndGlobalSection
EndGlobal
